
Microsoft Visual Studio Solution File, Format Version 12.00
# Visual Studio Version 17
VisualStudioVersion = 17.6.33829.357
MinimumVisualStudioVersion = 10.0.40219.1
Project("{2150E333-8FDC-42A3-9474-1A3956D46DE8}") = "Frontends", "Frontends", "{9C21B8EC-7D6B-49DD-9454-FE7087AD79E6}"
EndProject
Project("{2150E333-8FDC-42A3-9474-1A3956D46DE8}") = "Gateways", "Gateways", "{E517E406-567F-42DD-9E9F-F9E51EF96678}"
EndProject
Project("{2150E333-8FDC-42A3-9474-1A3956D46DE8}") = "IdentityServer", "IdentityServer", "{786D0F31-4D74-4916-9107-A5E052A5EDBE}"
EndProject
Project("{2150E333-8FDC-42A3-9474-1A3956D46DE8}") = "Shared", "Shared", "{66D93EB0-B66C-429B-B474-5DBD5B5F51DC}"
EndProject
Project("{2150E333-8FDC-42A3-9474-1A3956D46DE8}") = "Services", "Services", "{53A5DABE-1ECD-4A4D-8FC9-6545320B16DF}"
EndProject
Project("{2150E333-8FDC-42A3-9474-1A3956D46DE8}") = "SolutionItems", "SolutionItems", "{22B229DC-4FCC-4F8B-9362-37974AFF1277}"
	ProjectSection(SolutionItems) = preProject
		PortNumbers.txt = PortNumbers.txt
		ToDoList.txt = ToDoList.txt
	EndProjectSection
EndProject
Project("{2150E333-8FDC-42A3-9474-1A3956D46DE8}") = "Basket", "Basket", "{64D0FF09-49C1-4F22-84A4-B8378C75D6F6}"
EndProject
Project("{2150E333-8FDC-42A3-9474-1A3956D46DE8}") = "Catalog", "Catalog", "{74B92961-4100-48C9-ACC2-BD6384371218}"
EndProject
Project("{2150E333-8FDC-42A3-9474-1A3956D46DE8}") = "Discount", "Discount", "{1B54084E-0480-4CA0-B26D-DC73654BC75A}"
EndProject
Project("{2150E333-8FDC-42A3-9474-1A3956D46DE8}") = "Payment", "Payment", "{D0816CFB-74F7-4F98-84C2-1365F182398A}"
EndProject
Project("{2150E333-8FDC-42A3-9474-1A3956D46DE8}") = "Order", "Order", "{609C4E94-B56C-4CC5-A960-86F6005A4E7A}"
EndProject
Project("{2150E333-8FDC-42A3-9474-1A3956D46DE8}") = "PhotoStock", "PhotoStock", "{9DDC328D-AFCB-42ED-8C1C-912DD9EE2EA1}"
EndProject
Project("{2150E333-8FDC-42A3-9474-1A3956D46DE8}") = "Cargo", "Cargo", "{3E56DA0E-5261-4319-95E0-6D1FCBCC27B8}"
EndProject
Project("{FAE04EC0-301F-11D3-BF4B-00C04F79EFBC}") = "CasgemMicroservice.Services.Catalog", "Services\Catalog\CasgemMicroservice.Services.Catalog\CasgemMicroservice.Services.Catalog.csproj", "{C2E80D23-A61A-41AD-8EBA-C589BC6725C9}"
EndProject
Project("{FAE04EC0-301F-11D3-BF4B-00C04F79EFBC}") = "CasgemMicroservice.Shared", "Shared\CasgemMicroservice.Shared\CasgemMicroservice.Shared.csproj", "{6EB3E5B8-8BAF-4754-BEC8-B3C29019B664}"
EndProject
Global
	GlobalSection(SolutionConfigurationPlatforms) = preSolution
		Debug|Any CPU = Debug|Any CPU
		Release|Any CPU = Release|Any CPU
	EndGlobalSection
	GlobalSection(ProjectConfigurationPlatforms) = postSolution
		{C2E80D23-A61A-41AD-8EBA-C589BC6725C9}.Debug|Any CPU.ActiveCfg = Debug|Any CPU
		{C2E80D23-A61A-41AD-8EBA-C589BC6725C9}.Debug|Any CPU.Build.0 = Debug|Any CPU
		{C2E80D23-A61A-41AD-8EBA-C589BC6725C9}.Release|Any CPU.ActiveCfg = Release|Any CPU
		{C2E80D23-A61A-41AD-8EBA-C589BC6725C9}.Release|Any CPU.Build.0 = Release|Any CPU
		{6EB3E5B8-8BAF-4754-BEC8-B3C29019B664}.Debug|Any CPU.ActiveCfg = Debug|Any CPU
		{6EB3E5B8-8BAF-4754-BEC8-B3C29019B664}.Debug|Any CPU.Build.0 = Debug|Any CPU
		{6EB3E5B8-8BAF-4754-BEC8-B3C29019B664}.Release|Any CPU.ActiveCfg = Release|Any CPU
		{6EB3E5B8-8BAF-4754-BEC8-B3C29019B664}.Release|Any CPU.Build.0 = Release|Any CPU
	EndGlobalSection
	GlobalSection(SolutionProperties) = preSolution
		HideSolutionNode = FALSE
	EndGlobalSection
	GlobalSection(NestedProjects) = preSolution
		{64D0FF09-49C1-4F22-84A4-B8378C75D6F6} = {53A5DABE-1ECD-4A4D-8FC9-6545320B16DF}
		{74B92961-4100-48C9-ACC2-BD6384371218} = {53A5DABE-1ECD-4A4D-8FC9-6545320B16DF}
		{1B54084E-0480-4CA0-B26D-DC73654BC75A} = {53A5DABE-1ECD-4A4D-8FC9-6545320B16DF}
		{D0816CFB-74F7-4F98-84C2-1365F182398A} = {53A5DABE-1ECD-4A4D-8FC9-6545320B16DF}
		{609C4E94-B56C-4CC5-A960-86F6005A4E7A} = {53A5DABE-1ECD-4A4D-8FC9-6545320B16DF}
		{9DDC328D-AFCB-42ED-8C1C-912DD9EE2EA1} = {53A5DABE-1ECD-4A4D-8FC9-6545320B16DF}
		{3E56DA0E-5261-4319-95E0-6D1FCBCC27B8} = {53A5DABE-1ECD-4A4D-8FC9-6545320B16DF}
		{C2E80D23-A61A-41AD-8EBA-C589BC6725C9} = {74B92961-4100-48C9-ACC2-BD6384371218}
		{6EB3E5B8-8BAF-4754-BEC8-B3C29019B664} = {66D93EB0-B66C-429B-B474-5DBD5B5F51DC}
	EndGlobalSection
	GlobalSection(ExtensibilityGlobals) = postSolution
		SolutionGuid = {C0D515D2-70D5-4E2B-96F8-E1A03BF73974}
	EndGlobalSection
EndGlobal
