
Microsoft Visual Studio Solution File, Format Version 12.00
# Visual Studio Version 17
VisualStudioVersion = 17.6.33829.357
MinimumVisualStudioVersion = 10.0.40219.1
Project("{2150E333-8FDC-42A3-9474-1A3956D46DE8}") = "Frontends", "Frontends", "{9C21B8EC-7D6B-49DD-9454-FE7087AD79E6}"
EndProject
Project("{2150E333-8FDC-42A3-9474-1A3956D46DE8}") = "Gateways", "Gateways", "{E517E406-567F-42DD-9E9F-F9E51EF96678}"
EndProject
Project("{2150E333-8FDC-42A3-9474-1A3956D46DE8}") = "IdentityServer", "IdentityServer", "{786D0F31-4D74-4916-9107-A5E052A5EDBE}"
EndProject
Project("{2150E333-8FDC-42A3-9474-1A3956D46DE8}") = "Shared", "Shared", "{66D93EB0-B66C-429B-B474-5DBD5B5F51DC}"
EndProject
Project("{2150E333-8FDC-42A3-9474-1A3956D46DE8}") = "Services", "Services", "{53A5DABE-1ECD-4A4D-8FC9-6545320B16DF}"
EndProject
Project("{2150E333-8FDC-42A3-9474-1A3956D46DE8}") = "SolutionItems", "SolutionItems", "{22B229DC-4FCC-4F8B-9362-37974AFF1277}"
	ProjectSection(SolutionItems) = preProject
		PortNumbers.txt = PortNumbers.txt
		ToDoList.txt = ToDoList.txt
	EndProjectSection
EndProject
Project("{2150E333-8FDC-42A3-9474-1A3956D46DE8}") = "Basket", "Basket", "{64D0FF09-49C1-4F22-84A4-B8378C75D6F6}"
EndProject
Project("{2150E333-8FDC-42A3-9474-1A3956D46DE8}") = "Catalog", "Catalog", "{74B92961-4100-48C9-ACC2-BD6384371218}"
EndProject
Project("{2150E333-8FDC-42A3-9474-1A3956D46DE8}") = "Discount", "Discount", "{1B54084E-0480-4CA0-B26D-DC73654BC75A}"
EndProject
Project("{2150E333-8FDC-42A3-9474-1A3956D46DE8}") = "Payment", "Payment", "{D0816CFB-74F7-4F98-84C2-1365F182398A}"
EndProject
Project("{2150E333-8FDC-42A3-9474-1A3956D46DE8}") = "Order", "Order", "{609C4E94-B56C-4CC5-A960-86F6005A4E7A}"
EndProject
Project("{2150E333-8FDC-42A3-9474-1A3956D46DE8}") = "PhotoStock", "PhotoStock", "{9DDC328D-AFCB-42ED-8C1C-912DD9EE2EA1}"
EndProject
Project("{2150E333-8FDC-42A3-9474-1A3956D46DE8}") = "Cargo", "Cargo", "{3E56DA0E-5261-4319-95E0-6D1FCBCC27B8}"
EndProject
Project("{9A19103F-16F7-4668-BE54-9A1E7A4F7556}") = "CasgemMicroservice.Services.Catalog", "Services\Catalog\CasgemMicroservice.Services.Catalog\CasgemMicroservice.Services.Catalog.csproj", "{C2E80D23-A61A-41AD-8EBA-C589BC6725C9}"
EndProject
Project("{9A19103F-16F7-4668-BE54-9A1E7A4F7556}") = "CasgemMicroservice.Shared", "Shared\CasgemMicroservice.Shared\CasgemMicroservice.Shared.csproj", "{6EB3E5B8-8BAF-4754-BEC8-B3C29019B664}"
EndProject
Project("{9A19103F-16F7-4668-BE54-9A1E7A4F7556}") = "CasgemMicroservice.IdentityServer", "IdentityServer\CasgemMicroservice.IdentityServer\CasgemMicroservice.IdentityServer.csproj", "{F934A61B-382A-43F2-89AB-C5CAA6511A77}"
EndProject
Project("{9A19103F-16F7-4668-BE54-9A1E7A4F7556}") = "CasgemMicroservice.PhotoStock", "Services\PhotoStock\CasgemMicroservice.PhotoStock\CasgemMicroservice.PhotoStock.csproj", "{406D330E-74F8-4CAA-BFF1-01241EFAA19A}"
EndProject
Project("{9A19103F-16F7-4668-BE54-9A1E7A4F7556}") = "CasgemMicroservice.Services.Basket", "Services\Basket\CasgemMicroservice.Services.Basket\CasgemMicroservice.Services.Basket.csproj", "{BE2B1F9F-8F56-4315-8985-5A49C5821224}"
EndProject
Project("{FAE04EC0-301F-11D3-BF4B-00C04F79EFBC}") = "CasgemMicroservice.Services.Discount", "Services\Discount\CasgemMicroservice.Services.Discount\CasgemMicroservice.Services.Discount.csproj", "{47567B3F-1FF3-4DE8-ABA0-A0D0D12D57A6}"
EndProject
Project("{FAE04EC0-301F-11D3-BF4B-00C04F79EFBC}") = "CasgemMicroservice.Services.Order", "Services\Order\CasgemMicroservice.Services.Order\CasgemMicroservice.Services.Order.csproj", "{D492B9B8-2DC7-42BB-AE05-851F1483933A}"
EndProject
Project("{FAE04EC0-301F-11D3-BF4B-00C04F79EFBC}") = "CasgemMicroservice.Services.Order.Domain", "Services\Order\CasgemMicroservice.Services.Order.Domain\CasgemMicroservice.Services.Order.Domain.csproj", "{728A9785-389D-4205-8A3F-C5A5E2F54CCC}"
EndProject
Project("{FAE04EC0-301F-11D3-BF4B-00C04F79EFBC}") = "CasgemMicroservice.Services.Order.Application", "Services\Order\CasgemMicroservice.Services.Order.Application\CasgemMicroservice.Services.Order.Application.csproj", "{FA4AE1B9-D0C3-444E-BB3D-95112363814E}"
EndProject
Project("{FAE04EC0-301F-11D3-BF4B-00C04F79EFBC}") = "CasgemMicroservice.Services.Order.Infrastructure", "Services\Order\CasgemMicroservice.Services.Order.Infrastructure\CasgemMicroservice.Services.Order.Infrastructure.csproj", "{F193028C-789D-439E-B6FB-047A14C27D5A}"
EndProject
Global
	GlobalSection(SolutionConfigurationPlatforms) = preSolution
		Debug|Any CPU = Debug|Any CPU
		Release|Any CPU = Release|Any CPU
	EndGlobalSection
	GlobalSection(ProjectConfigurationPlatforms) = postSolution
		{C2E80D23-A61A-41AD-8EBA-C589BC6725C9}.Debug|Any CPU.ActiveCfg = Debug|Any CPU
		{C2E80D23-A61A-41AD-8EBA-C589BC6725C9}.Debug|Any CPU.Build.0 = Debug|Any CPU
		{C2E80D23-A61A-41AD-8EBA-C589BC6725C9}.Release|Any CPU.ActiveCfg = Release|Any CPU
		{C2E80D23-A61A-41AD-8EBA-C589BC6725C9}.Release|Any CPU.Build.0 = Release|Any CPU
		{6EB3E5B8-8BAF-4754-BEC8-B3C29019B664}.Debug|Any CPU.ActiveCfg = Debug|Any CPU
		{6EB3E5B8-8BAF-4754-BEC8-B3C29019B664}.Debug|Any CPU.Build.0 = Debug|Any CPU
		{6EB3E5B8-8BAF-4754-BEC8-B3C29019B664}.Release|Any CPU.ActiveCfg = Release|Any CPU
		{6EB3E5B8-8BAF-4754-BEC8-B3C29019B664}.Release|Any CPU.Build.0 = Release|Any CPU
		{F934A61B-382A-43F2-89AB-C5CAA6511A77}.Debug|Any CPU.ActiveCfg = Debug|Any CPU
		{F934A61B-382A-43F2-89AB-C5CAA6511A77}.Debug|Any CPU.Build.0 = Debug|Any CPU
		{F934A61B-382A-43F2-89AB-C5CAA6511A77}.Release|Any CPU.ActiveCfg = Release|Any CPU
		{F934A61B-382A-43F2-89AB-C5CAA6511A77}.Release|Any CPU.Build.0 = Release|Any CPU
		{406D330E-74F8-4CAA-BFF1-01241EFAA19A}.Debug|Any CPU.ActiveCfg = Debug|Any CPU
		{406D330E-74F8-4CAA-BFF1-01241EFAA19A}.Debug|Any CPU.Build.0 = Debug|Any CPU
		{406D330E-74F8-4CAA-BFF1-01241EFAA19A}.Release|Any CPU.ActiveCfg = Release|Any CPU
		{406D330E-74F8-4CAA-BFF1-01241EFAA19A}.Release|Any CPU.Build.0 = Release|Any CPU
		{BE2B1F9F-8F56-4315-8985-5A49C5821224}.Debug|Any CPU.ActiveCfg = Debug|Any CPU
		{BE2B1F9F-8F56-4315-8985-5A49C5821224}.Debug|Any CPU.Build.0 = Debug|Any CPU
		{BE2B1F9F-8F56-4315-8985-5A49C5821224}.Release|Any CPU.ActiveCfg = Release|Any CPU
		{BE2B1F9F-8F56-4315-8985-5A49C5821224}.Release|Any CPU.Build.0 = Release|Any CPU
		{47567B3F-1FF3-4DE8-ABA0-A0D0D12D57A6}.Debug|Any CPU.ActiveCfg = Debug|Any CPU
		{47567B3F-1FF3-4DE8-ABA0-A0D0D12D57A6}.Debug|Any CPU.Build.0 = Debug|Any CPU
		{47567B3F-1FF3-4DE8-ABA0-A0D0D12D57A6}.Release|Any CPU.ActiveCfg = Release|Any CPU
		{47567B3F-1FF3-4DE8-ABA0-A0D0D12D57A6}.Release|Any CPU.Build.0 = Release|Any CPU
		{D492B9B8-2DC7-42BB-AE05-851F1483933A}.Debug|Any CPU.ActiveCfg = Debug|Any CPU
		{D492B9B8-2DC7-42BB-AE05-851F1483933A}.Debug|Any CPU.Build.0 = Debug|Any CPU
		{D492B9B8-2DC7-42BB-AE05-851F1483933A}.Release|Any CPU.ActiveCfg = Release|Any CPU
		{D492B9B8-2DC7-42BB-AE05-851F1483933A}.Release|Any CPU.Build.0 = Release|Any CPU
		{728A9785-389D-4205-8A3F-C5A5E2F54CCC}.Debug|Any CPU.ActiveCfg = Debug|Any CPU
		{728A9785-389D-4205-8A3F-C5A5E2F54CCC}.Debug|Any CPU.Build.0 = Debug|Any CPU
		{728A9785-389D-4205-8A3F-C5A5E2F54CCC}.Release|Any CPU.ActiveCfg = Release|Any CPU
		{728A9785-389D-4205-8A3F-C5A5E2F54CCC}.Release|Any CPU.Build.0 = Release|Any CPU
		{FA4AE1B9-D0C3-444E-BB3D-95112363814E}.Debug|Any CPU.ActiveCfg = Debug|Any CPU
		{FA4AE1B9-D0C3-444E-BB3D-95112363814E}.Debug|Any CPU.Build.0 = Debug|Any CPU
		{FA4AE1B9-D0C3-444E-BB3D-95112363814E}.Release|Any CPU.ActiveCfg = Release|Any CPU
		{FA4AE1B9-D0C3-444E-BB3D-95112363814E}.Release|Any CPU.Build.0 = Release|Any CPU
		{F193028C-789D-439E-B6FB-047A14C27D5A}.Debug|Any CPU.ActiveCfg = Debug|Any CPU
		{F193028C-789D-439E-B6FB-047A14C27D5A}.Debug|Any CPU.Build.0 = Debug|Any CPU
		{F193028C-789D-439E-B6FB-047A14C27D5A}.Release|Any CPU.ActiveCfg = Release|Any CPU
		{F193028C-789D-439E-B6FB-047A14C27D5A}.Release|Any CPU.Build.0 = Release|Any CPU
	EndGlobalSection
	GlobalSection(SolutionProperties) = preSolution
		HideSolutionNode = FALSE
	EndGlobalSection
	GlobalSection(NestedProjects) = preSolution
		{64D0FF09-49C1-4F22-84A4-B8378C75D6F6} = {53A5DABE-1ECD-4A4D-8FC9-6545320B16DF}
		{74B92961-4100-48C9-ACC2-BD6384371218} = {53A5DABE-1ECD-4A4D-8FC9-6545320B16DF}
		{1B54084E-0480-4CA0-B26D-DC73654BC75A} = {53A5DABE-1ECD-4A4D-8FC9-6545320B16DF}
		{D0816CFB-74F7-4F98-84C2-1365F182398A} = {53A5DABE-1ECD-4A4D-8FC9-6545320B16DF}
		{609C4E94-B56C-4CC5-A960-86F6005A4E7A} = {53A5DABE-1ECD-4A4D-8FC9-6545320B16DF}
		{9DDC328D-AFCB-42ED-8C1C-912DD9EE2EA1} = {53A5DABE-1ECD-4A4D-8FC9-6545320B16DF}
		{3E56DA0E-5261-4319-95E0-6D1FCBCC27B8} = {53A5DABE-1ECD-4A4D-8FC9-6545320B16DF}
		{C2E80D23-A61A-41AD-8EBA-C589BC6725C9} = {74B92961-4100-48C9-ACC2-BD6384371218}
		{6EB3E5B8-8BAF-4754-BEC8-B3C29019B664} = {66D93EB0-B66C-429B-B474-5DBD5B5F51DC}
		{F934A61B-382A-43F2-89AB-C5CAA6511A77} = {786D0F31-4D74-4916-9107-A5E052A5EDBE}
		{406D330E-74F8-4CAA-BFF1-01241EFAA19A} = {9DDC328D-AFCB-42ED-8C1C-912DD9EE2EA1}
		{BE2B1F9F-8F56-4315-8985-5A49C5821224} = {64D0FF09-49C1-4F22-84A4-B8378C75D6F6}
		{47567B3F-1FF3-4DE8-ABA0-A0D0D12D57A6} = {1B54084E-0480-4CA0-B26D-DC73654BC75A}
		{D492B9B8-2DC7-42BB-AE05-851F1483933A} = {609C4E94-B56C-4CC5-A960-86F6005A4E7A}
		{728A9785-389D-4205-8A3F-C5A5E2F54CCC} = {609C4E94-B56C-4CC5-A960-86F6005A4E7A}
		{FA4AE1B9-D0C3-444E-BB3D-95112363814E} = {609C4E94-B56C-4CC5-A960-86F6005A4E7A}
		{F193028C-789D-439E-B6FB-047A14C27D5A} = {609C4E94-B56C-4CC5-A960-86F6005A4E7A}
	EndGlobalSection
	GlobalSection(ExtensibilityGlobals) = postSolution
		SolutionGuid = {C0D515D2-70D5-4E2B-96F8-E1A03BF73974}
	EndGlobalSection
EndGlobal
